
Microsoft Visual Studio Solution File, Format Version 12.00
# Visual Studio Version 16
VisualStudioVersion = 16.0.30104.148
MinimumVisualStudioVersion = 10.0.40219.1
Project("{FAE04EC0-301F-11D3-BF4B-00C04F79EFBC}") = "ClassConceptExpansion0", "ClassConceptExpansion0\ClassConceptExpansion0.csproj", "{A0D7982E-E571-4CA8-820E-1D8086DDC334}"
EndProject
Global
	GlobalSection(SolutionConfigurationPlatforms) = preSolution
		Debug|Any CPU = Debug|Any CPU
		Release|Any CPU = Release|Any CPU
	EndGlobalSection
	GlobalSection(ProjectConfigurationPlatforms) = postSolution
		{A0D7982E-E571-4CA8-820E-1D8086DDC334}.Debug|Any CPU.ActiveCfg = Debug|Any CPU
		{A0D7982E-E571-4CA8-820E-1D8086DDC334}.Debug|Any CPU.Build.0 = Debug|Any CPU
		{A0D7982E-E571-4CA8-820E-1D8086DDC334}.Release|Any CPU.ActiveCfg = Release|Any CPU
		{A0D7982E-E571-4CA8-820E-1D8086DDC334}.Release|Any CPU.Build.0 = Release|Any CPU
	EndGlobalSection
	GlobalSection(SolutionProperties) = preSolution
		HideSolutionNode = FALSE
	EndGlobalSection
	GlobalSection(ExtensibilityGlobals) = postSolution
		SolutionGuid = {0AB25FDD-C1CA-4C91-90C1-87C4E37CB30B}
	EndGlobalSection
EndGlobal
