
Microsoft Visual Studio Solution File, Format Version 12.00
# Visual Studio Version 16
VisualStudioVersion = 16.0.30104.148
MinimumVisualStudioVersion = 10.0.40219.1
Project("{FAE04EC0-301F-11D3-BF4B-00C04F79EFBC}") = "BaseClassPrac0", "BaseClassPrac0\BaseClassPrac0.csproj", "{2102FC8D-15B4-4822-B960-4F527403FC56}"
EndProject
Global
	GlobalSection(SolutionConfigurationPlatforms) = preSolution
		Debug|Any CPU = Debug|Any CPU
		Release|Any CPU = Release|Any CPU
	EndGlobalSection
	GlobalSection(ProjectConfigurationPlatforms) = postSolution
		{2102FC8D-15B4-4822-B960-4F527403FC56}.Debug|Any CPU.ActiveCfg = Debug|Any CPU
		{2102FC8D-15B4-4822-B960-4F527403FC56}.Debug|Any CPU.Build.0 = Debug|Any CPU
		{2102FC8D-15B4-4822-B960-4F527403FC56}.Release|Any CPU.ActiveCfg = Release|Any CPU
		{2102FC8D-15B4-4822-B960-4F527403FC56}.Release|Any CPU.Build.0 = Release|Any CPU
	EndGlobalSection
	GlobalSection(SolutionProperties) = preSolution
		HideSolutionNode = FALSE
	EndGlobalSection
	GlobalSection(ExtensibilityGlobals) = postSolution
		SolutionGuid = {51B6E1B9-A39C-4CD7-9BCA-2C3BB3F5CE7D}
	EndGlobalSection
EndGlobal
